
Microsoft Visual Studio Solution File, Format Version 12.00
# Visual Studio Version 17
VisualStudioVersion = 17.0.32112.339
MinimumVisualStudioVersion = 10.0.40219.1
Project("{FAE04EC0-301F-11D3-BF4B-00C04F79EFBC}") = "W3_T4", "W3_T4\W3_T4.csproj", "{FAD90EE4-2D37-42DB-9BC5-9D87BEE81815}"
EndProject
Global
	GlobalSection(SolutionConfigurationPlatforms) = preSolution
		Debug|Any CPU = Debug|Any CPU
		Release|Any CPU = Release|Any CPU
	EndGlobalSection
	GlobalSection(ProjectConfigurationPlatforms) = postSolution
		{FAD90EE4-2D37-42DB-9BC5-9D87BEE81815}.Debug|Any CPU.ActiveCfg = Debug|Any CPU
		{FAD90EE4-2D37-42DB-9BC5-9D87BEE81815}.Debug|Any CPU.Build.0 = Debug|Any CPU
		{FAD90EE4-2D37-42DB-9BC5-9D87BEE81815}.Release|Any CPU.ActiveCfg = Release|Any CPU
		{FAD90EE4-2D37-42DB-9BC5-9D87BEE81815}.Release|Any CPU.Build.0 = Release|Any CPU
	EndGlobalSection
	GlobalSection(SolutionProperties) = preSolution
		HideSolutionNode = FALSE
	EndGlobalSection
	GlobalSection(ExtensibilityGlobals) = postSolution
		SolutionGuid = {B449110B-2CEF-4835-B18A-840701FFA900}
	EndGlobalSection
EndGlobal
