
Microsoft Visual Studio Solution File, Format Version 12.00
# Visual Studio Version 17
VisualStudioVersion = 17.0.32112.339
MinimumVisualStudioVersion = 10.0.40219.1
Project("{FAE04EC0-301F-11D3-BF4B-00C04F79EFBC}") = "February_6_Class", "February_6_Class\February_6_Class.csproj", "{9B156D71-C78C-4F52-B61C-67CD3935020F}"
EndProject
Global
	GlobalSection(SolutionConfigurationPlatforms) = preSolution
		Debug|Any CPU = Debug|Any CPU
		Release|Any CPU = Release|Any CPU
	EndGlobalSection
	GlobalSection(ProjectConfigurationPlatforms) = postSolution
		{9B156D71-C78C-4F52-B61C-67CD3935020F}.Debug|Any CPU.ActiveCfg = Debug|Any CPU
		{9B156D71-C78C-4F52-B61C-67CD3935020F}.Debug|Any CPU.Build.0 = Debug|Any CPU
		{9B156D71-C78C-4F52-B61C-67CD3935020F}.Release|Any CPU.ActiveCfg = Release|Any CPU
		{9B156D71-C78C-4F52-B61C-67CD3935020F}.Release|Any CPU.Build.0 = Release|Any CPU
	EndGlobalSection
	GlobalSection(SolutionProperties) = preSolution
		HideSolutionNode = FALSE
	EndGlobalSection
	GlobalSection(ExtensibilityGlobals) = postSolution
		SolutionGuid = {704270D6-480C-425D-978A-C3F9D65661E1}
	EndGlobalSection
EndGlobal
