
Microsoft Visual Studio Solution File, Format Version 12.00
# Visual Studio Version 17
VisualStudioVersion = 17.0.32112.339
MinimumVisualStudioVersion = 10.0.40219.1
Project("{FAE04EC0-301F-11D3-BF4B-00C04F79EFBC}") = "15 Feb", "15 Feb\15 Feb.csproj", "{C7F4319B-21B1-4E49-9225-33423031DCB4}"
EndProject
Global
	GlobalSection(SolutionConfigurationPlatforms) = preSolution
		Debug|Any CPU = Debug|Any CPU
		Release|Any CPU = Release|Any CPU
	EndGlobalSection
	GlobalSection(ProjectConfigurationPlatforms) = postSolution
		{C7F4319B-21B1-4E49-9225-33423031DCB4}.Debug|Any CPU.ActiveCfg = Debug|Any CPU
		{C7F4319B-21B1-4E49-9225-33423031DCB4}.Debug|Any CPU.Build.0 = Debug|Any CPU
		{C7F4319B-21B1-4E49-9225-33423031DCB4}.Release|Any CPU.ActiveCfg = Release|Any CPU
		{C7F4319B-21B1-4E49-9225-33423031DCB4}.Release|Any CPU.Build.0 = Release|Any CPU
	EndGlobalSection
	GlobalSection(SolutionProperties) = preSolution
		HideSolutionNode = FALSE
	EndGlobalSection
	GlobalSection(ExtensibilityGlobals) = postSolution
		SolutionGuid = {FFB55D7A-309F-4734-B915-715C6DC279B8}
	EndGlobalSection
EndGlobal
