
Microsoft Visual Studio Solution File, Format Version 12.00
# Visual Studio Version 16
VisualStudioVersion = 16.0.31624.102
MinimumVisualStudioVersion = 10.0.40219.1
Project("{FAE04EC0-301F-11D3-BF4B-00C04F79EFBC}") = "crrud", "crrud.csproj", "{81C1AEAE-9491-4175-97B6-C1F5A657B8F3}"
EndProject
Global
	GlobalSection(SolutionConfigurationPlatforms) = preSolution
		Debug|Any CPU = Debug|Any CPU
		Release|Any CPU = Release|Any CPU
	EndGlobalSection
	GlobalSection(ProjectConfigurationPlatforms) = postSolution
		{81C1AEAE-9491-4175-97B6-C1F5A657B8F3}.Debug|Any CPU.ActiveCfg = Debug|Any CPU
		{81C1AEAE-9491-4175-97B6-C1F5A657B8F3}.Debug|Any CPU.Build.0 = Debug|Any CPU
		{81C1AEAE-9491-4175-97B6-C1F5A657B8F3}.Release|Any CPU.ActiveCfg = Release|Any CPU
		{81C1AEAE-9491-4175-97B6-C1F5A657B8F3}.Release|Any CPU.Build.0 = Release|Any CPU
	EndGlobalSection
	GlobalSection(SolutionProperties) = preSolution
		HideSolutionNode = FALSE
	EndGlobalSection
	GlobalSection(ExtensibilityGlobals) = postSolution
		SolutionGuid = {CA685ACD-C0A5-421B-B4DC-B1C9673780D4}
	EndGlobalSection
EndGlobal
