
Microsoft Visual Studio Solution File, Format Version 12.00
# Visual Studio Version 17
VisualStudioVersion = 17.1.32228.430
MinimumVisualStudioVersion = 10.0.40219.1
Project("{FAE04EC0-301F-11D3-BF4B-00C04F79EFBC}") = "CodeCopied_Interface", "CodeCopied_Interface\CodeCopied_Interface.csproj", "{4DF6AE36-6BAE-4186-B318-E452D8316CF3}"
EndProject
Global
	GlobalSection(SolutionConfigurationPlatforms) = preSolution
		Debug|Any CPU = Debug|Any CPU
		Release|Any CPU = Release|Any CPU
	EndGlobalSection
	GlobalSection(ProjectConfigurationPlatforms) = postSolution
		{4DF6AE36-6BAE-4186-B318-E452D8316CF3}.Debug|Any CPU.ActiveCfg = Debug|Any CPU
		{4DF6AE36-6BAE-4186-B318-E452D8316CF3}.Debug|Any CPU.Build.0 = Debug|Any CPU
		{4DF6AE36-6BAE-4186-B318-E452D8316CF3}.Release|Any CPU.ActiveCfg = Release|Any CPU
		{4DF6AE36-6BAE-4186-B318-E452D8316CF3}.Release|Any CPU.Build.0 = Release|Any CPU
	EndGlobalSection
	GlobalSection(SolutionProperties) = preSolution
		HideSolutionNode = FALSE
	EndGlobalSection
	GlobalSection(ExtensibilityGlobals) = postSolution
		SolutionGuid = {B5AF7C9F-2459-4F9C-A572-41EB62AC47B6}
	EndGlobalSection
EndGlobal
