
Microsoft Visual Studio Solution File, Format Version 12.00
# Visual Studio Version 17
VisualStudioVersion = 17.0.32112.339
MinimumVisualStudioVersion = 10.0.40219.1
Project("{FAE04EC0-301F-11D3-BF4B-00C04F79EFBC}") = "Lab_Task_5", "Lab_Task_5\Lab_Task_5.csproj", "{042D9803-04B2-40F1-9678-894BDF089A8D}"
EndProject
Global
	GlobalSection(SolutionConfigurationPlatforms) = preSolution
		Debug|Any CPU = Debug|Any CPU
		Release|Any CPU = Release|Any CPU
	EndGlobalSection
	GlobalSection(ProjectConfigurationPlatforms) = postSolution
		{042D9803-04B2-40F1-9678-894BDF089A8D}.Debug|Any CPU.ActiveCfg = Debug|Any CPU
		{042D9803-04B2-40F1-9678-894BDF089A8D}.Debug|Any CPU.Build.0 = Debug|Any CPU
		{042D9803-04B2-40F1-9678-894BDF089A8D}.Release|Any CPU.ActiveCfg = Release|Any CPU
		{042D9803-04B2-40F1-9678-894BDF089A8D}.Release|Any CPU.Build.0 = Release|Any CPU
	EndGlobalSection
	GlobalSection(SolutionProperties) = preSolution
		HideSolutionNode = FALSE
	EndGlobalSection
	GlobalSection(ExtensibilityGlobals) = postSolution
		SolutionGuid = {2CCCAE0C-BFEB-41C5-9F1B-88559557A6B6}
	EndGlobalSection
EndGlobal
