
Microsoft Visual Studio Solution File, Format Version 12.00
# Visual Studio Version 17
VisualStudioVersion = 17.0.32112.339
MinimumVisualStudioVersion = 10.0.40219.1
Project("{FAE04EC0-301F-11D3-BF4B-00C04F79EFBC}") = "W3_T5", "W3_T5\W3_T5.csproj", "{10692D96-AE4F-42F2-881F-7D2BDDF12608}"
EndProject
Global
	GlobalSection(SolutionConfigurationPlatforms) = preSolution
		Debug|Any CPU = Debug|Any CPU
		Release|Any CPU = Release|Any CPU
	EndGlobalSection
	GlobalSection(ProjectConfigurationPlatforms) = postSolution
		{10692D96-AE4F-42F2-881F-7D2BDDF12608}.Debug|Any CPU.ActiveCfg = Debug|Any CPU
		{10692D96-AE4F-42F2-881F-7D2BDDF12608}.Debug|Any CPU.Build.0 = Debug|Any CPU
		{10692D96-AE4F-42F2-881F-7D2BDDF12608}.Release|Any CPU.ActiveCfg = Release|Any CPU
		{10692D96-AE4F-42F2-881F-7D2BDDF12608}.Release|Any CPU.Build.0 = Release|Any CPU
	EndGlobalSection
	GlobalSection(SolutionProperties) = preSolution
		HideSolutionNode = FALSE
	EndGlobalSection
	GlobalSection(ExtensibilityGlobals) = postSolution
		SolutionGuid = {C64F69F3-01D4-4654-AFF6-86FA38700BAC}
	EndGlobalSection
EndGlobal
